# Generated by pub
# See https://dart.dev/tools/pub/glossary#lockfile
packages:
  animate_do:
    dependency: "direct main"
    description:
      name: animate_do
      sha256: b6ff08dc6cf3cb5586a86d7f32a3b5f45502d2e08e3fb4f5a484c8421c9b3fc0
      url: "https://pub.dev"
    source: hosted
    version: "3.3.9"
  async:
    dependency: "direct main"
    description:
      name: async
      sha256: "758e6d74e971c3e5aceb4110bfd6698efc7f501675bcfe0c775459a8140750eb"
      url: "https://pub.dev"
    source: hosted
    version: "2.13.0"
  characters:
    dependency: transitive
    description:
      name: characters
      sha256: f71061c654a3380576a52b451dd5532377954cf9dbd272a78fc8479606670803
      url: "https://pub.dev"
    source: hosted
    version: "1.4.0"
  clock:
    dependency: transitive
    description:
      name: clock
      sha256: fddb70d9b5277016c77a80201021d40a2247104d9f4aa7bab7157b7e3f05b84b
      url: "https://pub.dev"
    source: hosted
    version: "1.1.2"
  collection:
    dependency: transitive
    description:
      name: collection
      sha256: "2f5709ae4d3d59dd8f7cd309b4e023046b57d8a6c82130785d2b0e5868084e76"
      url: "https://pub.dev"
    source: hosted
    version: "1.19.1"
  custom_radio_grouped_button:
    dependency: "direct main"
    description:
      name: custom_radio_grouped_button
      sha256: b07bd6dec2c1c5d64776a354eb2c01c67a77e4a5700098ae6fbde18cc94ad33d
      url: "https://pub.dev"
    source: hosted
    version: "2.2.1"
  ffi:
    dependency: transitive
    description:
      name: ffi
      sha256: "289279317b4b16eb2bb7e271abccd4bf84ec9bdcbe999e278a94b804f5630418"
      url: "https://pub.dev"
    source: hosted
    version: "2.1.4"
  flutter:
    dependency: "direct main"
    description: flutter
    source: sdk
    version: "0.0.0"
  intl:
    dependency: "direct main"
    description:
      name: intl
      sha256: "3df61194eb431efc39c4ceba583b95633a403f46c9fd341e550ce0bfa50e9aa5"
      url: "https://pub.dev"
    source: hosted
    version: "0.20.2"
  mask_text_input_formatter:
    dependency: "direct main"
    description:
      name: mask_text_input_formatter
      sha256: "978c58ec721c25621ceb468e633f4eef64b64d45424ac4540e0565d4f7c800cd"
      url: "https://pub.dev"
    source: hosted
    version: "2.9.0"
  material_color_utilities:
    dependency: "direct main"
    description:
      name: material_color_utilities
      sha256: f7142bb1154231d7ea5f96bc7bde4bda2a0945d2806bb11670e30b850d56bdec
      url: "https://pub.dev"
    source: hosted
    version: "0.11.1"
  meta:
    dependency: transitive
    description:
      name: meta
      sha256: e3641ec5d63ebf0d9b41bd43201a66e3fc79a65db5f61fc181f04cd27aab950c
      url: "https://pub.dev"
    source: hosted
    version: "1.16.0"
  nested:
    dependency: transitive
    description:
      name: nested
      sha256: "03bac4c528c64c95c722ec99280375a6f2fc708eec17c7b3f07253b626cd2a20"
      url: "https://pub.dev"
    source: hosted
    version: "1.0.0"
  path:
    dependency: "direct main"
    description:
      name: path
      sha256: "75cca69d1490965be98c73ceaea117e8a04dd21217b37b292c9ddbec0d955bc5"
      url: "https://pub.dev"
    source: hosted
    version: "1.9.1"
  platform:
    dependency: transitive
    description:
      name: platform
      sha256: "5d6b1b0036a5f331ebc77c850ebc8506cbc1e9416c27e59b439f917a902a4984"
      url: "https://pub.dev"
    source: hosted
    version: "3.1.6"
  plugin_platform_interface:
    dependency: transitive
    description:
      name: plugin_platform_interface
      sha256: "4820fbfdb9478b1ebae27888254d445073732dae3d6ea81f0b7e06d5dedc3f02"
      url: "https://pub.dev"
    source: hosted
    version: "2.1.8"
  provider:
    dependency: "direct main"
    description:
      name: provider
      sha256: "489024f942069c2920c844ee18bb3d467c69e48955a4f32d1677f71be103e310"
      url: "https://pub.dev"
    source: hosted
    version: "6.1.4"
  sky_engine:
    dependency: transitive
    description: flutter
    source: sdk
    version: "0.0.0"
  sqflite:
    dependency: "direct main"
    description:
      name: sqflite
      sha256: e2297b1da52f127bc7a3da11439985d9b536f75070f3325e62ada69a5c585d03
      url: "https://pub.dev"
    source: hosted
    version: "2.4.2"
  sqflite_android:
    dependency: transitive
    description:
      name: sqflite_android
      sha256: "2b3070c5fa881839f8b402ee4a39c1b4d561704d4ebbbcfb808a119bc2a1701b"
      url: "https://pub.dev"
    source: hosted
    version: "2.4.1"
  sqflite_common:
    dependency: transitive
    description:
      name: sqflite_common
      sha256: "84731e8bfd8303a3389903e01fb2141b6e59b5973cacbb0929021df08dddbe8b"
      url: "https://pub.dev"
    source: hosted
    version: "2.5.5"
  sqflite_common_ffi:
    dependency: "direct main"
    description:
      name: sqflite_common_ffi
      sha256: "1f3ef3888d3bfbb47785cc1dda0dc7dd7ebd8c1955d32a9e8e9dae1e38d1c4c1"
      url: "https://pub.dev"
    source: hosted
    version: "2.3.5"
  sqflite_darwin:
    dependency: transitive
    description:
      name: sqflite_darwin
      sha256: "279832e5cde3fe99e8571879498c9211f3ca6391b0d818df4e17d9fff5c6ccb3"
      url: "https://pub.dev"
    source: hosted
    version: "2.4.2"
  sqflite_platform_interface:
    dependency: transitive
    description:
      name: sqflite_platform_interface
      sha256: "8dd4515c7bdcae0a785b0062859336de775e8c65db81ae33dd5445f35be61920"
      url: "https://pub.dev"
    source: hosted
    version: "2.4.0"
  sqlite3:
    dependency: transitive
    description:
      name: sqlite3
      sha256: "310af39c40dd0bb2058538333c9d9840a2725ae0b9f77e4fd09ad6696aa8f66e"
      url: "https://pub.dev"
    source: hosted
    version: "2.7.5"
  synchronized:
    dependency: transitive
    description:
      name: synchronized
      sha256: "0669c70faae6270521ee4f05bffd2919892d42d1276e6c495be80174b6bc0ef6"
      url: "https://pub.dev"
    source: hosted
    version: "3.3.1"
  typed_data:
    dependency: transitive
    description:
      name: typed_data
      sha256: f9049c039ebfeb4cf7a7104a675823cd72dba8297f264b6637062516699fa006
      url: "https://pub.dev"
    source: hosted
    version: "1.4.0"
  universal_io:
    dependency: "direct main"
    description:
      name: universal_io
      sha256: "1722b2dcc462b4b2f3ee7d188dad008b6eb4c40bbd03a3de451d82c78bba9aad"
      url: "https://pub.dev"
    source: hosted
    version: "2.2.2"
  vector_math:
    dependency: transitive
    description:
      name: vector_math
      sha256: "80b3257d1492ce4d091729e3a67a60407d227c27241d6927be0130c98e741803"
      url: "https://pub.dev"
    source: hosted
    version: "2.1.4"
  vm_service:
    dependency: "direct main"
    description:
      name: vm_service
      sha256: ddfa8d30d89985b96407efce8acbdd124701f96741f2d981ca860662f1c0dc02
      url: "https://pub.dev"
    source: hosted
    version: "15.0.0"
  web:
    dependency: transitive
    description:
      name: web
      sha256: "868d88a33d8a87b18ffc05f9f030ba328ffefba92d6c127917a2ba740f9cfe4a"
      url: "https://pub.dev"
    source: hosted
    version: "1.1.1"
sdks:
  dart: ">=3.7.2 <4.0.0"
  flutter: ">=3.24.0"
